// !$*UTF8*$!
{
	archiveVersion = 1;
	classes = {
	};
	objectVersion = 48;
	objects = {

/* Begin PBXBuildFile section */
		7F2CF88C1F3A2ED70055FAE9 /* GoogleService-Info.plist in Resources */ = {isa = PBXBuildFile; fileRef = 7F2CF88B1F3A2ED70055FAE9 /* GoogleService-Info.plist */; };
		7F329FE81F39C984002AE3CD /* Main.storyboard in Resources */ = {isa = PBXBuildFile; fileRef = 7F329FE71F39C984002AE3CD /* Main.storyboard */; };
		7F329FEA1F39CC6F002AE3CD /* LogInViewController.swift in Sources */ = {isa = PBXBuildFile; fileRef = 7F329FE91F39CC6F002AE3CD /* LogInViewController.swift */; };
		7F329FEC1F39D1E2002AE3CD /* GuestTableViewController.swift in Sources */ = {isa = PBXBuildFile; fileRef = 7F329FEB1F39D1E2002AE3CD /* GuestTableViewController.swift */; };
		7F329FEE1F39D20D002AE3CD /* TicketsTableViewController.swift in Sources */ = {isa = PBXBuildFile; fileRef = 7F329FED1F39D20D002AE3CD /* TicketsTableViewController.swift */; };
		7F329FF21F39E92C002AE3CD /* Event.swift in Sources */ = {isa = PBXBuildFile; fileRef = 7F329FF11F39E92C002AE3CD /* Event.swift */; };
		7F329FF41F39E93A002AE3CD /* Seller.swift in Sources */ = {isa = PBXBuildFile; fileRef = 7F329FF31F39E93A002AE3CD /* Seller.swift */; };
		7F329FF61F39E94B002AE3CD /* Tickets.swift in Sources */ = {isa = PBXBuildFile; fileRef = 7F329FF51F39E94B002AE3CD /* Tickets.swift */; };
		7F329FF81F39E95D002AE3CD /* AppUtility.swift in Sources */ = {isa = PBXBuildFile; fileRef = 7F329FF71F39E95D002AE3CD /* AppUtility.swift */; };
		7F329FFA1F39E9DB002AE3CD /* StringExtensions.swift in Sources */ = {isa = PBXBuildFile; fileRef = 7F329FF91F39E9DB002AE3CD /* StringExtensions.swift */; };
		7F329FFC1F39EA79002AE3CD /* PaymentDetailsTableViewController.swift in Sources */ = {isa = PBXBuildFile; fileRef = 7F329FFB1F39EA79002AE3CD /* PaymentDetailsTableViewController.swift */; };
		7F329FFE1F39EA9D002AE3CD /* EventsTableViewController.swift in Sources */ = {isa = PBXBuildFile; fileRef = 7F329FFD1F39EA9D002AE3CD /* EventsTableViewController.swift */; };
		7F32A0001F39EADD002AE3CD /* TableViewCell.swift in Sources */ = {isa = PBXBuildFile; fileRef = 7F329FFF1F39EADD002AE3CD /* TableViewCell.swift */; };
		7F32A0021F39EB17002AE3CD /* PaymentDetailsTableViewCell.swift in Sources */ = {isa = PBXBuildFile; fileRef = 7F32A0011F39EB17002AE3CD /* PaymentDetailsTableViewCell.swift */; };
		7F32A0041F39EB30002AE3CD /* EventTableViewCell.swift in Sources */ = {isa = PBXBuildFile; fileRef = 7F32A0031F39EB30002AE3CD /* EventTableViewCell.swift */; };
		7F32A0061F39EB46002AE3CD /* TicketsTableViewCell.swift in Sources */ = {isa = PBXBuildFile; fileRef = 7F32A0051F39EB46002AE3CD /* TicketsTableViewCell.swift */; };
		7F32A0081F39EB68002AE3CD /* CheckBoxView.swift in Sources */ = {isa = PBXBuildFile; fileRef = 7F32A0071F39EB68002AE3CD /* CheckBoxView.swift */; };
		7F65E9491F39B25A0007FB42 /* AppDelegate.swift in Sources */ = {isa = PBXBuildFile; fileRef = 7F65E9481F39B25A0007FB42 /* AppDelegate.swift */; };
		7F65E94D1F39B25A0007FB42 /* SecondViewController.swift in Sources */ = {isa = PBXBuildFile; fileRef = 7F65E94C1F39B25A0007FB42 /* SecondViewController.swift */; };
		7F65E9521F39B25A0007FB42 /* Assets.xcassets in Resources */ = {isa = PBXBuildFile; fileRef = 7F65E9511F39B25A0007FB42 /* Assets.xcassets */; };
		7F65E9551F39B25A0007FB42 /* LaunchScreen.storyboard in Resources */ = {isa = PBXBuildFile; fileRef = 7F65E9531F39B25A0007FB42 /* LaunchScreen.storyboard */; };
		C9908EDC1166894973BEA1C8 /* Pods_Imprezator.framework in Frameworks */ = {isa = PBXBuildFile; fileRef = BE44F16324F7386E2EBB05C4 /* Pods_Imprezator.framework */; };
/* End PBXBuildFile section */

/* Begin PBXFileReference section */
		685E92C16305A9885B588567 /* Pods-Imprezator.release.xcconfig */ = {isa = PBXFileReference; includeInIndex = 1; lastKnownFileType = text.xcconfig; name = "Pods-Imprezator.release.xcconfig"; path = "Pods/Target Support Files/Pods-Imprezator/Pods-Imprezator.release.xcconfig"; sourceTree = "<group>"; };
		7F2CF88B1F3A2ED70055FAE9 /* GoogleService-Info.plist */ = {isa = PBXFileReference; fileEncoding = 4; lastKnownFileType = text.plist.xml; name = "GoogleService-Info.plist"; path = "../../../../../Downloads/GoogleService-Info.plist"; sourceTree = "<group>"; };
		7F329FE71F39C984002AE3CD /* Main.storyboard */ = {isa = PBXFileReference; lastKnownFileType = file.storyboard; path = Main.storyboard; sourceTree = "<group>"; };
		7F329FE91F39CC6F002AE3CD /* LogInViewController.swift */ = {isa = PBXFileReference; lastKnownFileType = sourcecode.swift; path = LogInViewController.swift; sourceTree = "<group>"; };
		7F329FEB1F39D1E2002AE3CD /* GuestTableViewController.swift */ = {isa = PBXFileReference; lastKnownFileType = sourcecode.swift; path = GuestTableViewController.swift; sourceTree = "<group>"; };
		7F329FED1F39D20D002AE3CD /* TicketsTableViewController.swift */ = {isa = PBXFileReference; lastKnownFileType = sourcecode.swift; path = TicketsTableViewController.swift; sourceTree = "<group>"; };
		7F329FF11F39E92C002AE3CD /* Event.swift */ = {isa = PBXFileReference; lastKnownFileType = sourcecode.swift; path = Event.swift; sourceTree = "<group>"; };
		7F329FF31F39E93A002AE3CD /* Seller.swift */ = {isa = PBXFileReference; lastKnownFileType = sourcecode.swift; path = Seller.swift; sourceTree = "<group>"; };
		7F329FF51F39E94B002AE3CD /* Tickets.swift */ = {isa = PBXFileReference; lastKnownFileType = sourcecode.swift; path = Tickets.swift; sourceTree = "<group>"; };
		7F329FF71F39E95D002AE3CD /* AppUtility.swift */ = {isa = PBXFileReference; lastKnownFileType = sourcecode.swift; path = AppUtility.swift; sourceTree = "<group>"; };
		7F329FF91F39E9DB002AE3CD /* StringExtensions.swift */ = {isa = PBXFileReference; lastKnownFileType = sourcecode.swift; path = StringExtensions.swift; sourceTree = "<group>"; };
		7F329FFB1F39EA79002AE3CD /* PaymentDetailsTableViewController.swift */ = {isa = PBXFileReference; lastKnownFileType = sourcecode.swift; path = PaymentDetailsTableViewController.swift; sourceTree = "<group>"; };
		7F329FFD1F39EA9D002AE3CD /* EventsTableViewController.swift */ = {isa = PBXFileReference; lastKnownFileType = sourcecode.swift; path = EventsTableViewController.swift; sourceTree = "<group>"; };
		7F329FFF1F39EADD002AE3CD /* TableViewCell.swift */ = {isa = PBXFileReference; lastKnownFileType = sourcecode.swift; path = TableViewCell.swift; sourceTree = "<group>"; };
		7F32A0011F39EB17002AE3CD /* PaymentDetailsTableViewCell.swift */ = {isa = PBXFileReference; lastKnownFileType = sourcecode.swift; path = PaymentDetailsTableViewCell.swift; sourceTree = "<group>"; };
		7F32A0031F39EB30002AE3CD /* EventTableViewCell.swift */ = {isa = PBXFileReference; lastKnownFileType = sourcecode.swift; path = EventTableViewCell.swift; sourceTree = "<group>"; };
		7F32A0051F39EB46002AE3CD /* TicketsTableViewCell.swift */ = {isa = PBXFileReference; lastKnownFileType = sourcecode.swift; path = TicketsTableViewCell.swift; sourceTree = "<group>"; };
		7F32A0071F39EB68002AE3CD /* CheckBoxView.swift */ = {isa = PBXFileReference; lastKnownFileType = sourcecode.swift; path = CheckBoxView.swift; sourceTree = "<group>"; };
		7F65E9451F39B25A0007FB42 /* Imprezator.app */ = {isa = PBXFileReference; explicitFileType = wrapper.application; includeInIndex = 0; path = Imprezator.app; sourceTree = BUILT_PRODUCTS_DIR; };
		7F65E9481F39B25A0007FB42 /* AppDelegate.swift */ = {isa = PBXFileReference; lastKnownFileType = sourcecode.swift; path = AppDelegate.swift; sourceTree = "<group>"; };
		7F65E94C1F39B25A0007FB42 /* SecondViewController.swift */ = {isa = PBXFileReference; lastKnownFileType = sourcecode.swift; path = SecondViewController.swift; sourceTree = "<group>"; };
		7F65E9511F39B25A0007FB42 /* Assets.xcassets */ = {isa = PBXFileReference; lastKnownFileType = folder.assetcatalog; path = Assets.xcassets; sourceTree = "<group>"; };
		7F65E9541F39B25A0007FB42 /* Base */ = {isa = PBXFileReference; lastKnownFileType = file.storyboard; name = Base; path = Base.lproj/LaunchScreen.storyboard; sourceTree = "<group>"; };
		7F65E9561F39B25A0007FB42 /* Info.plist */ = {isa = PBXFileReference; lastKnownFileType = text.plist.xml; path = Info.plist; sourceTree = "<group>"; };
		A6BDEF7D8D2FD55F504CEC6A /* Pods-Imprezator.debug.xcconfig */ = {isa = PBXFileReference; includeInIndex = 1; lastKnownFileType = text.xcconfig; name = "Pods-Imprezator.debug.xcconfig"; path = "Pods/Target Support Files/Pods-Imprezator/Pods-Imprezator.debug.xcconfig"; sourceTree = "<group>"; };
		BE44F16324F7386E2EBB05C4 /* Pods_Imprezator.framework */ = {isa = PBXFileReference; explicitFileType = wrapper.framework; includeInIndex = 0; path = Pods_Imprezator.framework; sourceTree = BUILT_PRODUCTS_DIR; };
/* End PBXFileReference section */

/* Begin PBXFrameworksBuildPhase section */
		7F65E9421F39B25A0007FB42 /* Frameworks */ = {
			isa = PBXFrameworksBuildPhase;
			buildActionMask = 2147483647;
			files = (
				C9908EDC1166894973BEA1C8 /* Pods_Imprezator.framework in Frameworks */,
			);
			runOnlyForDeploymentPostprocessing = 0;
		};
/* End PBXFrameworksBuildPhase section */

/* Begin PBXGroup section */
		7BD7BFA363FD4DFF85BE8AB6 /* Pods */ = {
			isa = PBXGroup;
			children = (
				A6BDEF7D8D2FD55F504CEC6A /* Pods-Imprezator.debug.xcconfig */,
				685E92C16305A9885B588567 /* Pods-Imprezator.release.xcconfig */,
			);
			name = Pods;
			sourceTree = "<group>";
		};
		7F65E93C1F39B25A0007FB42 = {
			isa = PBXGroup;
			children = (
				7F65E9471F39B25A0007FB42 /* Imprezator */,
				7F65E9461F39B25A0007FB42 /* Products */,
				7BD7BFA363FD4DFF85BE8AB6 /* Pods */,
				B73E85F6A8398496A7BC6DF3 /* Frameworks */,
			);
			sourceTree = "<group>";
		};
		7F65E9461F39B25A0007FB42 /* Products */ = {
			isa = PBXGroup;
			children = (
				7F65E9451F39B25A0007FB42 /* Imprezator.app */,
			);
			name = Products;
			sourceTree = "<group>";
		};
		7F65E9471F39B25A0007FB42 /* Imprezator */ = {
			isa = PBXGroup;
			children = (
				7F65E9481F39B25A0007FB42 /* AppDelegate.swift */,
				7F65E95D1F39B2850007FB42 /* Views */,
				7F65E95C1F39B27C0007FB42 /* Controllers */,
				7F329FE71F39C984002AE3CD /* Main.storyboard */,
				7F65E9531F39B25A0007FB42 /* LaunchScreen.storyboard */,
				7F65E9511F39B25A0007FB42 /* Assets.xcassets */,
				7F65E95F1F39B2960007FB42 /* Models */,
				7F65E95E1F39B28E0007FB42 /* Extensions */,
				7F65E9561F39B25A0007FB42 /* Info.plist */,
				7F2CF88B1F3A2ED70055FAE9 /* GoogleService-Info.plist */,
			);
			path = Imprezator;
			sourceTree = "<group>";
		};
		7F65E95C1F39B27C0007FB42 /* Controllers */ = {
			isa = PBXGroup;
			children = (
				7F329FE91F39CC6F002AE3CD /* LogInViewController.swift */,
				7F329FFB1F39EA79002AE3CD /* PaymentDetailsTableViewController.swift */,
				7F329FFD1F39EA9D002AE3CD /* EventsTableViewController.swift */,
				7F65E94C1F39B25A0007FB42 /* SecondViewController.swift */,
				7F329FEB1F39D1E2002AE3CD /* GuestTableViewController.swift */,
				7F329FED1F39D20D002AE3CD /* TicketsTableViewController.swift */,
			);
			name = Controllers;
			path = ..;
			sourceTree = "<group>";
		};
		7F65E95D1F39B2850007FB42 /* Views */ = {
			isa = PBXGroup;
			children = (
				7F329FFF1F39EADD002AE3CD /* TableViewCell.swift */,
				7F32A0011F39EB17002AE3CD /* PaymentDetailsTableViewCell.swift */,
				7F32A0031F39EB30002AE3CD /* EventTableViewCell.swift */,
				7F32A0051F39EB46002AE3CD /* TicketsTableViewCell.swift */,
				7F32A0071F39EB68002AE3CD /* CheckBoxView.swift */,
			);
			name = Views;
			path = ..;
			sourceTree = "<group>";
		};
		7F65E95E1F39B28E0007FB42 /* Extensions */ = {
			isa = PBXGroup;
			children = (
				7F329FF91F39E9DB002AE3CD /* StringExtensions.swift */,
			);
			name = Extensions;
			path = ..;
			sourceTree = "<group>";
		};
		7F65E95F1F39B2960007FB42 /* Models */ = {
			isa = PBXGroup;
			children = (
				7F329FF11F39E92C002AE3CD /* Event.swift */,
				7F329FF31F39E93A002AE3CD /* Seller.swift */,
				7F329FF51F39E94B002AE3CD /* Tickets.swift */,
				7F329FF71F39E95D002AE3CD /* AppUtility.swift */,
			);
			name = Models;
			path = ..;
			sourceTree = "<group>";
		};
		B73E85F6A8398496A7BC6DF3 /* Frameworks */ = {
			isa = PBXGroup;
			children = (
				BE44F16324F7386E2EBB05C4 /* Pods_Imprezator.framework */,
			);
			name = Frameworks;
			sourceTree = "<group>";
		};
/* End PBXGroup section */

/* Begin PBXNativeTarget section */
		7F65E9441F39B25A0007FB42 /* Imprezator */ = {
			isa = PBXNativeTarget;
			buildConfigurationList = 7F65E9591F39B25A0007FB42 /* Build configuration list for PBXNativeTarget "Imprezator" */;
			buildPhases = (
				6EF14AA366820825688385FF /* [CP] Check Pods Manifest.lock */,
				7F65E9411F39B25A0007FB42 /* Sources */,
				7F65E9421F39B25A0007FB42 /* Frameworks */,
				7F65E9431F39B25A0007FB42 /* Resources */,
				605C7E4B37A5AFED59D2F5B2 /* [CP] Embed Pods Frameworks */,
				88E9A9B8C9CBB0FFE2A970BE /* [CP] Copy Pods Resources */,
			);
			buildRules = (
			);
			dependencies = (
			);
			name = Imprezator;
			productName = Imprezator;
			productReference = 7F65E9451F39B25A0007FB42 /* Imprezator.app */;
			productType = "com.apple.product-type.application";
		};
/* End PBXNativeTarget section */

/* Begin PBXProject section */
		7F65E93D1F39B25A0007FB42 /* Project object */ = {
			isa = PBXProject;
			attributes = {
				LastSwiftUpdateCheck = 0900;
				LastUpgradeCheck = 0900;
				ORGANIZATIONNAME = "Mikołaj Stępniewski";
				TargetAttributes = {
					7F65E9441F39B25A0007FB42 = {
						CreatedOnToolsVersion = 9.0;
					};
				};
			};
			buildConfigurationList = 7F65E9401F39B25A0007FB42 /* Build configuration list for PBXProject "Imprezator" */;
			compatibilityVersion = "Xcode 8.0";
			developmentRegion = en;
			hasScannedForEncodings = 0;
			knownRegions = (
				en,
				Base,
			);
			mainGroup = 7F65E93C1F39B25A0007FB42;
			productRefGroup = 7F65E9461F39B25A0007FB42 /* Products */;
			projectDirPath = "";
			projectRoot = "";
			targets = (
				7F65E9441F39B25A0007FB42 /* Imprezator */,
			);
		};
/* End PBXProject section */

/* Begin PBXResourcesBuildPhase section */
		7F65E9431F39B25A0007FB42 /* Resources */ = {
			isa = PBXResourcesBuildPhase;
			buildActionMask = 2147483647;
			files = (
				7F329FE81F39C984002AE3CD /* Main.storyboard in Resources */,
				7F2CF88C1F3A2ED70055FAE9 /* GoogleService-Info.plist in Resources */,
				7F65E9551F39B25A0007FB42 /* LaunchScreen.storyboard in Resources */,
				7F65E9521F39B25A0007FB42 /* Assets.xcassets in Resources */,
			);
			runOnlyForDeploymentPostprocessing = 0;
		};
/* End PBXResourcesBuildPhase section */

/* Begin PBXShellScriptBuildPhase section */
		605C7E4B37A5AFED59D2F5B2 /* [CP] Embed Pods Frameworks */ = {
			isa = PBXShellScriptBuildPhase;
			buildActionMask = 2147483647;
			files = (
			);
			inputPaths = (
			);
			name = "[CP] Embed Pods Frameworks";
			outputPaths = (
			);
			runOnlyForDeploymentPostprocessing = 0;
			shellPath = /bin/sh;
			shellScript = "\"${SRCROOT}/Pods/Target Support Files/Pods-Imprezator/Pods-Imprezator-frameworks.sh\"\n";
			showEnvVarsInLog = 0;
		};
		6EF14AA366820825688385FF /* [CP] Check Pods Manifest.lock */ = {
			isa = PBXShellScriptBuildPhase;
			buildActionMask = 2147483647;
			files = (
			);
			inputPaths = (
			);
			name = "[CP] Check Pods Manifest.lock";
			outputPaths = (
			);
			runOnlyForDeploymentPostprocessing = 0;
			shellPath = /bin/sh;
			shellScript = "diff \"${PODS_PODFILE_DIR_PATH}/Podfile.lock\" \"${PODS_ROOT}/Manifest.lock\" > /dev/null\nif [ $? != 0 ] ; then\n    # print error to STDERR\n    echo \"error: The sandbox is not in sync with the Podfile.lock. Run 'pod install' or update your CocoaPods installation.\" >&2\n    exit 1\nfi\n";
			showEnvVarsInLog = 0;
		};
		88E9A9B8C9CBB0FFE2A970BE /* [CP] Copy Pods Resources */ = {
			isa = PBXShellScriptBuildPhase;
			buildActionMask = 2147483647;
			files = (
			);
			inputPaths = (
			);
			name = "[CP] Copy Pods Resources";
			outputPaths = (
			);
			runOnlyForDeploymentPostprocessing = 0;
			shellPath = /bin/sh;
			shellScript = "\"${SRCROOT}/Pods/Target Support Files/Pods-Imprezator/Pods-Imprezator-resources.sh\"\n";
			showEnvVarsInLog = 0;
		};
/* End PBXShellScriptBuildPhase section */

/* Begin PBXSourcesBuildPhase section */
		7F65E9411F39B25A0007FB42 /* Sources */ = {
			isa = PBXSourcesBuildPhase;
			buildActionMask = 2147483647;
			files = (
				7F32A0001F39EADD002AE3CD /* TableViewCell.swift in Sources */,
				7F329FEC1F39D1E2002AE3CD /* GuestTableViewController.swift in Sources */,
				7F329FF41F39E93A002AE3CD /* Seller.swift in Sources */,
				7F32A0041F39EB30002AE3CD /* EventTableViewCell.swift in Sources */,
				7F32A0081F39EB68002AE3CD /* CheckBoxView.swift in Sources */,
				7F329FFE1F39EA9D002AE3CD /* EventsTableViewController.swift in Sources */,
				7F329FFC1F39EA79002AE3CD /* PaymentDetailsTableViewController.swift in Sources */,
				7F329FFA1F39E9DB002AE3CD /* StringExtensions.swift in Sources */,
				7F329FF81F39E95D002AE3CD /* AppUtility.swift in Sources */,
				7F65E94D1F39B25A0007FB42 /* SecondViewController.swift in Sources */,
				7F65E9491F39B25A0007FB42 /* AppDelegate.swift in Sources */,
				7F32A0021F39EB17002AE3CD /* PaymentDetailsTableViewCell.swift in Sources */,
				7F329FEA1F39CC6F002AE3CD /* LogInViewController.swift in Sources */,
				7F329FF21F39E92C002AE3CD /* Event.swift in Sources */,
				7F329FEE1F39D20D002AE3CD /* TicketsTableViewController.swift in Sources */,
				7F329FF61F39E94B002AE3CD /* Tickets.swift in Sources */,
				7F32A0061F39EB46002AE3CD /* TicketsTableViewCell.swift in Sources */,
			);
			runOnlyForDeploymentPostprocessing = 0;
		};
/* End PBXSourcesBuildPhase section */

/* Begin PBXVariantGroup section */
		7F65E9531F39B25A0007FB42 /* LaunchScreen.storyboard */ = {
			isa = PBXVariantGroup;
			children = (
				7F65E9541F39B25A0007FB42 /* Base */,
			);
			name = LaunchScreen.storyboard;
			sourceTree = "<group>";
		};
/* End PBXVariantGroup section */

/* Begin XCBuildConfiguration section */
		7F65E9571F39B25A0007FB42 /* Debug */ = {
			isa = XCBuildConfiguration;
			buildSettings = {
				ALWAYS_SEARCH_USER_PATHS = NO;
				CLANG_ANALYZER_NONNULL = YES;
				CLANG_ANALYZER_NUMBER_OBJECT_CONVERSION = YES_AGGRESSIVE;
				CLANG_CXX_LANGUAGE_STANDARD = "gnu++14";
				CLANG_CXX_LIBRARY = "libc++";
				CLANG_ENABLE_MODULES = YES;
				CLANG_ENABLE_OBJC_ARC = YES;
				CLANG_WARN_BLOCK_CAPTURE_AUTORELEASING = YES;
				CLANG_WARN_BOOL_CONVERSION = YES;
				CLANG_WARN_COMMA = YES;
				CLANG_WARN_CONSTANT_CONVERSION = YES;
				CLANG_WARN_DIRECT_OBJC_ISA_USAGE = YES_ERROR;
				CLANG_WARN_DOCUMENTATION_COMMENTS = YES;
				CLANG_WARN_EMPTY_BODY = YES;
				CLANG_WARN_ENUM_CONVERSION = YES;
				CLANG_WARN_INFINITE_RECURSION = YES;
				CLANG_WARN_INT_CONVERSION = YES;
				CLANG_WARN_NON_LITERAL_NULL_CONVERSION = YES;
				CLANG_WARN_OBJC_LITERAL_CONVERSION = YES;
				CLANG_WARN_OBJC_ROOT_CLASS = YES_ERROR;
				CLANG_WARN_RANGE_LOOP_ANALYSIS = YES;
				CLANG_WARN_STRICT_PROTOTYPES = YES;
				CLANG_WARN_SUSPICIOUS_MOVE = YES;
				CLANG_WARN_UNGUARDED_AVAILABILITY = YES_AGGRESSIVE;
				CLANG_WARN_UNREACHABLE_CODE = YES;
				CLANG_WARN__DUPLICATE_METHOD_MATCH = YES;
				CODE_SIGN_IDENTITY = "iPhone Developer";
				COPY_PHASE_STRIP = NO;
				DEBUG_INFORMATION_FORMAT = dwarf;
				ENABLE_STRICT_OBJC_MSGSEND = YES;
				ENABLE_TESTABILITY = YES;
				GCC_C_LANGUAGE_STANDARD = gnu11;
				GCC_DYNAMIC_NO_PIC = NO;
				GCC_NO_COMMON_BLOCKS = YES;
				GCC_OPTIMIZATION_LEVEL = 0;
				GCC_PREPROCESSOR_DEFINITIONS = (
					"DEBUG=1",
					"$(inherited)",
				);
				GCC_WARN_64_TO_32_BIT_CONVERSION = YES;
				GCC_WARN_ABOUT_RETURN_TYPE = YES_ERROR;
				GCC_WARN_UNDECLARED_SELECTOR = YES;
				GCC_WARN_UNINITIALIZED_AUTOS = YES_AGGRESSIVE;
				GCC_WARN_UNUSED_FUNCTION = YES;
				GCC_WARN_UNUSED_VARIABLE = YES;
				IPHONEOS_DEPLOYMENT_TARGET = 11.0;
				MTL_ENABLE_DEBUG_INFO = YES;
				ONLY_ACTIVE_ARCH = YES;
				SDKROOT = iphoneos;
				SWIFT_ACTIVE_COMPILATION_CONDITIONS = DEBUG;
				SWIFT_OPTIMIZATION_LEVEL = "-Onone";
			};
			name = Debug;
		};
		7F65E9581F39B25A0007FB42 /* Release */ = {
			isa = XCBuildConfiguration;
			buildSettings = {
				ALWAYS_SEARCH_USER_PATHS = NO;
				CLANG_ANALYZER_NONNULL = YES;
				CLANG_ANALYZER_NUMBER_OBJECT_CONVERSION = YES_AGGRESSIVE;
				CLANG_CXX_LANGUAGE_STANDARD = "gnu++14";
				CLANG_CXX_LIBRARY = "libc++";
				CLANG_ENABLE_MODULES = YES;
				CLANG_ENABLE_OBJC_ARC = YES;
				CLANG_WARN_BLOCK_CAPTURE_AUTORELEASING = YES;
				CLANG_WARN_BOOL_CONVERSION = YES;
				CLANG_WARN_COMMA = YES;
				CLANG_WARN_CONSTANT_CONVERSION = YES;
				CLANG_WARN_DIRECT_OBJC_ISA_USAGE = YES_ERROR;
				CLANG_WARN_DOCUMENTATION_COMMENTS = YES;
				CLANG_WARN_EMPTY_BODY = YES;
				CLANG_WARN_ENUM_CONVERSION = YES;
				CLANG_WARN_INFINITE_RECURSION = YES;
				CLANG_WARN_INT_CONVERSION = YES;
				CLANG_WARN_NON_LITERAL_NULL_CONVERSION = YES;
				CLANG_WARN_OBJC_LITERAL_CONVERSION = YES;
				CLANG_WARN_OBJC_ROOT_CLASS = YES_ERROR;
				CLANG_WARN_RANGE_LOOP_ANALYSIS = YES;
				CLANG_WARN_STRICT_PROTOTYPES = YES;
				CLANG_WARN_SUSPICIOUS_MOVE = YES;
				CLANG_WARN_UNGUARDED_AVAILABILITY = YES_AGGRESSIVE;
				CLANG_WARN_UNREACHABLE_CODE = YES;
				CLANG_WARN__DUPLICATE_METHOD_MATCH = YES;
				CODE_SIGN_IDENTITY = "iPhone Developer";
				COPY_PHASE_STRIP = NO;
				DEBUG_INFORMATION_FORMAT = "dwarf-with-dsym";
				ENABLE_NS_ASSERTIONS = NO;
				ENABLE_STRICT_OBJC_MSGSEND = YES;
				GCC_C_LANGUAGE_STANDARD = gnu11;
				GCC_NO_COMMON_BLOCKS = YES;
				GCC_WARN_64_TO_32_BIT_CONVERSION = YES;
				GCC_WARN_ABOUT_RETURN_TYPE = YES_ERROR;
				GCC_WARN_UNDECLARED_SELECTOR = YES;
				GCC_WARN_UNINITIALIZED_AUTOS = YES_AGGRESSIVE;
				GCC_WARN_UNUSED_FUNCTION = YES;
				GCC_WARN_UNUSED_VARIABLE = YES;
				IPHONEOS_DEPLOYMENT_TARGET = 11.0;
				MTL_ENABLE_DEBUG_INFO = NO;
				SDKROOT = iphoneos;
				SWIFT_OPTIMIZATION_LEVEL = "-Owholemodule";
				VALIDATE_PRODUCT = YES;
			};
			name = Release;
		};
		7F65E95A1F39B25A0007FB42 /* Debug */ = {
			isa = XCBuildConfiguration;
			baseConfigurationReference = A6BDEF7D8D2FD55F504CEC6A /* Pods-Imprezator.debug.xcconfig */;
			buildSettings = {
				ASSETCATALOG_COMPILER_APPICON_NAME = AppIcon;
				DEVELOPMENT_TEAM = QZ39Q3ANW7;
				INFOPLIST_FILE = Imprezator/Info.plist;
				IPHONEOS_DEPLOYMENT_TARGET = 10.3;
				LD_RUNPATH_SEARCH_PATHS = "$(inherited) @executable_path/Frameworks";
				PRODUCT_BUNDLE_IDENTIFIER = com.mikolaj.stepniewski.Imprezator;
				PRODUCT_NAME = "$(TARGET_NAME)";
				SWIFT_VERSION = 4.0;
				TARGETED_DEVICE_FAMILY = 1;
			};
			name = Debug;
		};
		7F65E95B1F39B25A0007FB42 /* Release */ = {
			isa = XCBuildConfiguration;
			baseConfigurationReference = 685E92C16305A9885B588567 /* Pods-Imprezator.release.xcconfig */;
			buildSettings = {
				ASSETCATALOG_COMPILER_APPICON_NAME = AppIcon;
				DEVELOPMENT_TEAM = QZ39Q3ANW7;
				INFOPLIST_FILE = Imprezator/Info.plist;
				IPHONEOS_DEPLOYMENT_TARGET = 10.3;
				LD_RUNPATH_SEARCH_PATHS = "$(inherited) @executable_path/Frameworks";
				PRODUCT_BUNDLE_IDENTIFIER = com.mikolaj.stepniewski.Imprezator;
				PRODUCT_NAME = "$(TARGET_NAME)";
				SWIFT_VERSION = 4.0;
				TARGETED_DEVICE_FAMILY = 1;
			};
			name = Release;
		};
/* End XCBuildConfiguration section */

/* Begin XCConfigurationList section */
		7F65E9401F39B25A0007FB42 /* Build configuration list for PBXProject "Imprezator" */ = {
			isa = XCConfigurationList;
			buildConfigurations = (
				7F65E9571F39B25A0007FB42 /* Debug */,
				7F65E9581F39B25A0007FB42 /* Release */,
			);
			defaultConfigurationIsVisible = 0;
			defaultConfigurationName = Release;
		};
		7F65E9591F39B25A0007FB42 /* Build configuration list for PBXNativeTarget "Imprezator" */ = {
			isa = XCConfigurationList;
			buildConfigurations = (
				7F65E95A1F39B25A0007FB42 /* Debug */,
				7F65E95B1F39B25A0007FB42 /* Release */,
			);
			defaultConfigurationIsVisible = 0;
			defaultConfigurationName = Release;
		};
/* End XCConfigurationList section */
	};
	rootObject = 7F65E93D1F39B25A0007FB42 /* Project object */;
}
